
Microsoft Visual Studio Solution File, Format Version 12.00
# Visual Studio Version 17
VisualStudioVersion = 17.3.32929.385
MinimumVisualStudioVersion = 10.0.40219.1
Project("{2150E333-8FDC-42A3-9474-1A3956D46DE8}") = "Services", "Services", "{9C2CECD7-AFA1-4973-987D-6DA4768950D4}"
EndProject
Project("{2150E333-8FDC-42A3-9474-1A3956D46DE8}") = "Catalog", "Catalog", "{32A1B996-EEFE-49D0-8E07-822EB118EA67}"
EndProject
Project("{9A19103F-16F7-4668-BE54-9A1E7A4F7556}") = "Dev.Services.Catalog", "Services\Catalog\Dev.Services.Catalog\Dev.Services.Catalog.csproj", "{2ED885CF-0201-477D-BB46-005AF928AF49}"
EndProject
Project("{2150E333-8FDC-42A3-9474-1A3956D46DE8}") = "Solution Items", "Solution Items", "{ECF9CC4A-0664-4D26-A186-D914D4B7E604}"
	ProjectSection(SolutionItems) = preProject
		Ports.txt = Ports.txt
	EndProjectSection
EndProject
Project("{2150E333-8FDC-42A3-9474-1A3956D46DE8}") = "Shared", "Shared", "{7CA795CB-D46A-49B8-9B35-600A9DB41EF1}"
EndProject
Project("{2150E333-8FDC-42A3-9474-1A3956D46DE8}") = "IdentityServer", "IdentityServer", "{E28AA075-7330-41FB-A92A-E0C322842684}"
EndProject
Project("{9A19103F-16F7-4668-BE54-9A1E7A4F7556}") = "Dev.IdentityServer", "IdentityServer\Dev.IdentityServer\Dev.IdentityServer.csproj", "{0257C554-7C2F-46CF-A3DB-EF087D8CF9D5}"
EndProject
Project("{9A19103F-16F7-4668-BE54-9A1E7A4F7556}") = "Dev.Shared", "Shared\Dev.Shared\Dev.Shared.csproj", "{8060F357-844F-460E-9901-5F9CCDEE9FA9}"
EndProject
Project("{2150E333-8FDC-42A3-9474-1A3956D46DE8}") = "Basket", "Basket", "{E94C011B-E295-48CD-AC4B-C4C0A462A330}"
EndProject
Project("{9A19103F-16F7-4668-BE54-9A1E7A4F7556}") = "Dev.Basket", "Services\Basket\Dev.Basket\Dev.Basket.csproj", "{D34B6A4E-5461-4907-9411-782F20B039C3}"
EndProject
Project("{2150E333-8FDC-42A3-9474-1A3956D46DE8}") = "Order", "Order", "{F4738D3A-9BBC-48BF-A2B1-1F95B7954F60}"
EndProject
Project("{9A19103F-16F7-4668-BE54-9A1E7A4F7556}") = "Dev.Services.Order.API", "Services\Order\Dev.Order.API\Dev.Services.Order.API.csproj", "{63547F7E-68C6-4D00-AB65-B3763A4F7F80}"
EndProject
Project("{9A19103F-16F7-4668-BE54-9A1E7A4F7556}") = "Dev.Services.Order.Application", "Services\Order\Dev.Services.Order.Application\Dev.Services.Order.Application.csproj", "{B8CF2D3D-741A-4A66-BB83-1619D436CEF5}"
EndProject
Project("{9A19103F-16F7-4668-BE54-9A1E7A4F7556}") = "Dev.Services.Order.Domain.Core", "Services\Order\Dev.Services.Order.Domain.Core\Dev.Services.Order.Domain.Core.csproj", "{92103F43-F6FA-4A21-8D42-5F22D6D40CEF}"
EndProject
Project("{9A19103F-16F7-4668-BE54-9A1E7A4F7556}") = "Dev.Services.Order.Domain", "Services\Order\Dev.Services.Order.Domain\Dev.Services.Order.Domain.csproj", "{297DB00B-EE8B-4144-BEF8-D4BA673BA98E}"
EndProject
Project("{9A19103F-16F7-4668-BE54-9A1E7A4F7556}") = "Dev.Services.Order.Infrastructure", "Services\Order\Dev.Services.Order.Infrastructure\Dev.Services.Order.Infrastructure.csproj", "{C1F3B63E-7364-4417-AA47-AF05F315DAAE}"
EndProject
Project("{2150E333-8FDC-42A3-9474-1A3956D46DE8}") = "FakePayment", "FakePayment", "{C265901F-7AEE-4738-BA82-2F47E247CC1D}"
EndProject
Project("{FAE04EC0-301F-11D3-BF4B-00C04F79EFBC}") = "Dev.Services.FakePayment", "Services\FakePayment\Dev.Services.FakePayment\Dev.Services.FakePayment.csproj", "{AA711352-17C0-4047-8970-3CD8FDB50577}"
EndProject
Project("{2150E333-8FDC-42A3-9474-1A3956D46DE8}") = "Gateways", "Gateways", "{6870C04A-AD6E-497C-B7B4-F66A6586F1F7}"
EndProject
Project("{FAE04EC0-301F-11D3-BF4B-00C04F79EFBC}") = "Dev.Gateway", "Gateways\Dev.Gateway\Dev.Gateway.csproj", "{56902CD8-A523-4359-9442-8833D4C6B211}"
EndProject
Global
	GlobalSection(SolutionConfigurationPlatforms) = preSolution
		Debug|Any CPU = Debug|Any CPU
		Release|Any CPU = Release|Any CPU
	EndGlobalSection
	GlobalSection(ProjectConfigurationPlatforms) = postSolution
		{2ED885CF-0201-477D-BB46-005AF928AF49}.Debug|Any CPU.ActiveCfg = Debug|Any CPU
		{2ED885CF-0201-477D-BB46-005AF928AF49}.Debug|Any CPU.Build.0 = Debug|Any CPU
		{2ED885CF-0201-477D-BB46-005AF928AF49}.Release|Any CPU.ActiveCfg = Release|Any CPU
		{2ED885CF-0201-477D-BB46-005AF928AF49}.Release|Any CPU.Build.0 = Release|Any CPU
		{0257C554-7C2F-46CF-A3DB-EF087D8CF9D5}.Debug|Any CPU.ActiveCfg = Debug|Any CPU
		{0257C554-7C2F-46CF-A3DB-EF087D8CF9D5}.Debug|Any CPU.Build.0 = Debug|Any CPU
		{0257C554-7C2F-46CF-A3DB-EF087D8CF9D5}.Release|Any CPU.ActiveCfg = Release|Any CPU
		{0257C554-7C2F-46CF-A3DB-EF087D8CF9D5}.Release|Any CPU.Build.0 = Release|Any CPU
		{8060F357-844F-460E-9901-5F9CCDEE9FA9}.Debug|Any CPU.ActiveCfg = Debug|Any CPU
		{8060F357-844F-460E-9901-5F9CCDEE9FA9}.Debug|Any CPU.Build.0 = Debug|Any CPU
		{8060F357-844F-460E-9901-5F9CCDEE9FA9}.Release|Any CPU.ActiveCfg = Release|Any CPU
		{8060F357-844F-460E-9901-5F9CCDEE9FA9}.Release|Any CPU.Build.0 = Release|Any CPU
		{D34B6A4E-5461-4907-9411-782F20B039C3}.Debug|Any CPU.ActiveCfg = Debug|Any CPU
		{D34B6A4E-5461-4907-9411-782F20B039C3}.Debug|Any CPU.Build.0 = Debug|Any CPU
		{D34B6A4E-5461-4907-9411-782F20B039C3}.Release|Any CPU.ActiveCfg = Release|Any CPU
		{D34B6A4E-5461-4907-9411-782F20B039C3}.Release|Any CPU.Build.0 = Release|Any CPU
		{63547F7E-68C6-4D00-AB65-B3763A4F7F80}.Debug|Any CPU.ActiveCfg = Debug|Any CPU
		{63547F7E-68C6-4D00-AB65-B3763A4F7F80}.Debug|Any CPU.Build.0 = Debug|Any CPU
		{63547F7E-68C6-4D00-AB65-B3763A4F7F80}.Release|Any CPU.ActiveCfg = Release|Any CPU
		{63547F7E-68C6-4D00-AB65-B3763A4F7F80}.Release|Any CPU.Build.0 = Release|Any CPU
		{B8CF2D3D-741A-4A66-BB83-1619D436CEF5}.Debug|Any CPU.ActiveCfg = Debug|Any CPU
		{B8CF2D3D-741A-4A66-BB83-1619D436CEF5}.Debug|Any CPU.Build.0 = Debug|Any CPU
		{B8CF2D3D-741A-4A66-BB83-1619D436CEF5}.Release|Any CPU.ActiveCfg = Release|Any CPU
		{B8CF2D3D-741A-4A66-BB83-1619D436CEF5}.Release|Any CPU.Build.0 = Release|Any CPU
		{92103F43-F6FA-4A21-8D42-5F22D6D40CEF}.Debug|Any CPU.ActiveCfg = Debug|Any CPU
		{92103F43-F6FA-4A21-8D42-5F22D6D40CEF}.Debug|Any CPU.Build.0 = Debug|Any CPU
		{92103F43-F6FA-4A21-8D42-5F22D6D40CEF}.Release|Any CPU.ActiveCfg = Release|Any CPU
		{92103F43-F6FA-4A21-8D42-5F22D6D40CEF}.Release|Any CPU.Build.0 = Release|Any CPU
		{297DB00B-EE8B-4144-BEF8-D4BA673BA98E}.Debug|Any CPU.ActiveCfg = Debug|Any CPU
		{297DB00B-EE8B-4144-BEF8-D4BA673BA98E}.Debug|Any CPU.Build.0 = Debug|Any CPU
		{297DB00B-EE8B-4144-BEF8-D4BA673BA98E}.Release|Any CPU.ActiveCfg = Release|Any CPU
		{297DB00B-EE8B-4144-BEF8-D4BA673BA98E}.Release|Any CPU.Build.0 = Release|Any CPU
		{C1F3B63E-7364-4417-AA47-AF05F315DAAE}.Debug|Any CPU.ActiveCfg = Debug|Any CPU
		{C1F3B63E-7364-4417-AA47-AF05F315DAAE}.Debug|Any CPU.Build.0 = Debug|Any CPU
		{C1F3B63E-7364-4417-AA47-AF05F315DAAE}.Release|Any CPU.ActiveCfg = Release|Any CPU
		{C1F3B63E-7364-4417-AA47-AF05F315DAAE}.Release|Any CPU.Build.0 = Release|Any CPU
		{AA711352-17C0-4047-8970-3CD8FDB50577}.Debug|Any CPU.ActiveCfg = Debug|Any CPU
		{AA711352-17C0-4047-8970-3CD8FDB50577}.Debug|Any CPU.Build.0 = Debug|Any CPU
		{AA711352-17C0-4047-8970-3CD8FDB50577}.Release|Any CPU.ActiveCfg = Release|Any CPU
		{AA711352-17C0-4047-8970-3CD8FDB50577}.Release|Any CPU.Build.0 = Release|Any CPU
		{56902CD8-A523-4359-9442-8833D4C6B211}.Debug|Any CPU.ActiveCfg = Debug|Any CPU
		{56902CD8-A523-4359-9442-8833D4C6B211}.Debug|Any CPU.Build.0 = Debug|Any CPU
		{56902CD8-A523-4359-9442-8833D4C6B211}.Release|Any CPU.ActiveCfg = Release|Any CPU
		{56902CD8-A523-4359-9442-8833D4C6B211}.Release|Any CPU.Build.0 = Release|Any CPU
	EndGlobalSection
	GlobalSection(SolutionProperties) = preSolution
		HideSolutionNode = FALSE
	EndGlobalSection
	GlobalSection(NestedProjects) = preSolution
		{32A1B996-EEFE-49D0-8E07-822EB118EA67} = {9C2CECD7-AFA1-4973-987D-6DA4768950D4}
		{2ED885CF-0201-477D-BB46-005AF928AF49} = {32A1B996-EEFE-49D0-8E07-822EB118EA67}
		{0257C554-7C2F-46CF-A3DB-EF087D8CF9D5} = {E28AA075-7330-41FB-A92A-E0C322842684}
		{8060F357-844F-460E-9901-5F9CCDEE9FA9} = {7CA795CB-D46A-49B8-9B35-600A9DB41EF1}
		{E94C011B-E295-48CD-AC4B-C4C0A462A330} = {9C2CECD7-AFA1-4973-987D-6DA4768950D4}
		{D34B6A4E-5461-4907-9411-782F20B039C3} = {E94C011B-E295-48CD-AC4B-C4C0A462A330}
		{F4738D3A-9BBC-48BF-A2B1-1F95B7954F60} = {9C2CECD7-AFA1-4973-987D-6DA4768950D4}
		{63547F7E-68C6-4D00-AB65-B3763A4F7F80} = {F4738D3A-9BBC-48BF-A2B1-1F95B7954F60}
		{B8CF2D3D-741A-4A66-BB83-1619D436CEF5} = {F4738D3A-9BBC-48BF-A2B1-1F95B7954F60}
		{92103F43-F6FA-4A21-8D42-5F22D6D40CEF} = {F4738D3A-9BBC-48BF-A2B1-1F95B7954F60}
		{297DB00B-EE8B-4144-BEF8-D4BA673BA98E} = {F4738D3A-9BBC-48BF-A2B1-1F95B7954F60}
		{C1F3B63E-7364-4417-AA47-AF05F315DAAE} = {F4738D3A-9BBC-48BF-A2B1-1F95B7954F60}
		{C265901F-7AEE-4738-BA82-2F47E247CC1D} = {9C2CECD7-AFA1-4973-987D-6DA4768950D4}
		{AA711352-17C0-4047-8970-3CD8FDB50577} = {C265901F-7AEE-4738-BA82-2F47E247CC1D}
		{56902CD8-A523-4359-9442-8833D4C6B211} = {6870C04A-AD6E-497C-B7B4-F66A6586F1F7}
	EndGlobalSection
	GlobalSection(ExtensibilityGlobals) = postSolution
		SolutionGuid = {30DF38CD-9F9D-4266-BE58-6B8388A47E6E}
	EndGlobalSection
EndGlobal
